
Microsoft Visual Studio Solution File, Format Version 12.00
# Visual Studio 15
VisualStudioVersion = 15.0.27703.2047
MinimumVisualStudioVersion = 10.0.40219.1
Project("{FAE04EC0-301F-11D3-BF4B-00C04F79EFBC}") = "Bidibip", "Bidibip\Bidibip.csproj", "{B794AB64-6588-49F1-B181-17C63CD4C1A2}"
	ProjectSection(ProjectDependencies) = postProject
		{38C4AC19-0BB3-48BB-A01E-43CE549234C4} = {38C4AC19-0BB3-48BB-A01E-43CE549234C4}
	EndProjectSection
EndProject
Project("{FAE04EC0-301F-11D3-BF4B-00C04F79EFBC}") = "Bidibip.UE4FR", "Bidibip.UE4FR\Bidibip.UE4FR.csproj", "{38C4AC19-0BB3-48BB-A01E-43CE549234C4}"
EndProject
Global
	GlobalSection(SolutionConfigurationPlatforms) = preSolution
		Debug|Any CPU = Debug|Any CPU
		Release|Any CPU = Release|Any CPU
	EndGlobalSection
	GlobalSection(ProjectConfigurationPlatforms) = postSolution
		{B794AB64-6588-49F1-B181-17C63CD4C1A2}.Debug|Any CPU.ActiveCfg = Debug|Any CPU
		{B794AB64-6588-49F1-B181-17C63CD4C1A2}.Debug|Any CPU.Build.0 = Debug|Any CPU
		{B794AB64-6588-49F1-B181-17C63CD4C1A2}.Release|Any CPU.ActiveCfg = Release|Any CPU
		{B794AB64-6588-49F1-B181-17C63CD4C1A2}.Release|Any CPU.Build.0 = Release|Any CPU
		{38C4AC19-0BB3-48BB-A01E-43CE549234C4}.Debug|Any CPU.ActiveCfg = Debug|Any CPU
		{38C4AC19-0BB3-48BB-A01E-43CE549234C4}.Debug|Any CPU.Build.0 = Debug|Any CPU
		{38C4AC19-0BB3-48BB-A01E-43CE549234C4}.Release|Any CPU.ActiveCfg = Release|Any CPU
		{38C4AC19-0BB3-48BB-A01E-43CE549234C4}.Release|Any CPU.Build.0 = Release|Any CPU
	EndGlobalSection
	GlobalSection(SolutionProperties) = preSolution
		HideSolutionNode = FALSE
	EndGlobalSection
	GlobalSection(ExtensibilityGlobals) = postSolution
		SolutionGuid = {BB4153BC-4C15-436D-A2CA-B16F460BE3A9}
	EndGlobalSection
EndGlobal
